<?xml version="1.0" encoding="utf-8"?>
<Project ToolsVersion="4.0" xmlns="http://schemas.microsoft.com/developer/msbuild/2003">
  <ItemGroup>
    <Filter Include="Arquivos de Origem">
      <UniqueIdentifier>{4FC737F1-C7A5-4376-A066-2A32D752A2FF}</UniqueIdentifier>
      <Extensions>cpp;c;cc;cxx;c++;cppm;ixx;def;odl;idl;hpj;bat;asm;asmx</Extensions>
    </Filter>
    <Filter Include="Arquivos de Cabeçalho">
      <UniqueIdentifier>{93995380-89BD-4b04-88EB-625FBE52EBFB}</UniqueIdentifier>
      <Extensions>h;hh;hpp;hxx;h++;hm;inl;inc;ipp;xsd</Extensions>
    </Filter>
    <Filter Include="Arquivos de Recurso">
      <UniqueIdentifier>{67DA6AB6-F800-4c08-8B7A-83BB121AAD01}</UniqueIdentifier>
      <Extensions>rc;ico;cur;bmp;dlg;rc2;rct;bin;rgs;gif;jpg;jpeg;jpe;resx;tiff;tif;png;wav;mfcribbon-ms</Extensions>
    </Filter>
    <Filter Include="Arquivos de Origem\renderer">
      <UniqueIdentifier>{63d311cd-add0-47a4-b45f-f0b32ca569d2}</UniqueIdentifier>
    </Filter>
    <Filter Include="Arquivos de Origem\math">
      <UniqueIdentifier>{afd87641-52ca-4b73-8a5e-c38c707e3536}</UniqueIdentifier>
    </Filter>
    <Filter Include="Arquivos de Origem\system">
      <UniqueIdentifier>{050db003-6462-4ad7-baed-8d806e6704a3}</UniqueIdentifier>
    </Filter>
    <Filter Include="Arquivos de Origem\ui">
      <UniqueIdentifier>{3e6f4f01-e061-41c9-9483-8fb49242802d}</UniqueIdentifier>
    </Filter>
    <Filter Include="Arquivos de Origem\shaders">
      <UniqueIdentifier>{920f3bbd-14f5-4c6a-9531-cd9cafea4b41}</UniqueIdentifier>
    </Filter>
    <Filter Include="Arquivos de Origem\core">
      <UniqueIdentifier>{7c2df9bb-6335-4ea8-a572-561a20f4b50d}</UniqueIdentifier>
    </Filter>
  </ItemGroup>
  <ItemGroup>
    <ClCompile Include="Main.cpp">
      <Filter>Arquivos de Origem</Filter>
    </ClCompile>
    <ClCompile Include="..\..\..\Libraries\IMGUI\imgui-master\imgui_draw.cpp">
      <Filter>Arquivos de Origem</Filter>
    </ClCompile>
    <ClCompile Include="..\..\..\Libraries\IMGUI\imgui-master\imgui_tables.cpp">
      <Filter>Arquivos de Origem</Filter>
    </ClCompile>
    <ClCompile Include="..\..\..\Libraries\IMGUI\imgui-master\imgui_widgets.cpp">
      <Filter>Arquivos de Origem</Filter>
    </ClCompile>
    <ClCompile Include="..\..\..\Libraries\IMGUI\imgui-master\imgui_demo.cpp">
      <Filter>Arquivos de Origem</Filter>
    </ClCompile>
    <ClCompile Include="..\..\..\Libraries\IMGUI\imgui-master\imgui.cpp">
      <Filter>Arquivos de Origem</Filter>
    </ClCompile>
    <ClCompile Include="..\..\..\Libraries\IMGUI\imgui-master\backends\imgui_impl_opengl3.cpp">
      <Filter>Arquivos de Origem</Filter>
    </ClCompile>
    <ClCompile Include="..\..\..\Libraries\IMGUI\imgui-master\backends\imgui_impl_glfw.cpp">
      <Filter>Arquivos de Origem</Filter>
    </ClCompile>
    <ClCompile Include="glad.c">
      <Filter>Arquivos de Origem</Filter>
    </ClCompile>
    <ClCompile Include="Camera2D.cpp">
      <Filter>Arquivos de Origem\system</Filter>
    </ClCompile>
    <ClCompile Include="Renderer.cpp">
      <Filter>Arquivos de Origem\renderer</Filter>
    </ClCompile>
    <ClCompile Include="Shader.cpp">
      <Filter>Arquivos de Origem\renderer</Filter>
    </ClCompile>
    <ClCompile Include="ExpressionParser.cpp">
      <Filter>Arquivos de Origem\core</Filter>
    </ClCompile>
  </ItemGroup>
  <ItemGroup>
    <ClInclude Include="IMGUI\imgui-master\backends\imgui_impl_allegro5.h">
      <Filter>Arquivos de Cabeçalho</Filter>
    </ClInclude>
    <ClInclude Include="IMGUI\imgui-master\backends\imgui_impl_android.h">
      <Filter>Arquivos de Cabeçalho</Filter>
    </ClInclude>
    <ClInclude Include="IMGUI\imgui-master\backends\imgui_impl_dx9.h">
      <Filter>Arquivos de Cabeçalho</Filter>
    </ClInclude>
    <ClInclude Include="IMGUI\imgui-master\backends\imgui_impl_dx10.h">
      <Filter>Arquivos de Cabeçalho</Filter>
    </ClInclude>
    <ClInclude Include="IMGUI\imgui-master\backends\imgui_impl_dx11.h">
      <Filter>Arquivos de Cabeçalho</Filter>
    </ClInclude>
    <ClInclude Include="IMGUI\imgui-master\backends\imgui_impl_dx12.h">
      <Filter>Arquivos de Cabeçalho</Filter>
    </ClInclude>
    <ClInclude Include="IMGUI\imgui-master\backends\imgui_impl_glfw.h">
      <Filter>Arquivos de Cabeçalho</Filter>
    </ClInclude>
    <ClInclude Include="IMGUI\imgui-master\backends\imgui_impl_glut.h">
      <Filter>Arquivos de Cabeçalho</Filter>
    </ClInclude>
    <ClInclude Include="IMGUI\imgui-master\backends\imgui_impl_metal.h">
      <Filter>Arquivos de Cabeçalho</Filter>
    </ClInclude>
    <ClInclude Include="IMGUI\imgui-master\backends\imgui_impl_null.h">
      <Filter>Arquivos de Cabeçalho</Filter>
    </ClInclude>
    <ClInclude Include="IMGUI\imgui-master\backends\imgui_impl_opengl2.h">
      <Filter>Arquivos de Cabeçalho</Filter>
    </ClInclude>
    <ClInclude Include="IMGUI\imgui-master\backends\imgui_impl_opengl3.h">
      <Filter>Arquivos de Cabeçalho</Filter>
    </ClInclude>
    <ClInclude Include="IMGUI\imgui-master\backends\imgui_impl_opengl3_loader.h">
      <Filter>Arquivos de Cabeçalho</Filter>
    </ClInclude>
    <ClInclude Include="IMGUI\imgui-master\backends\imgui_impl_osx.h">
      <Filter>Arquivos de Cabeçalho</Filter>
    </ClInclude>
    <ClInclude Include="IMGUI\imgui-master\backends\imgui_impl_sdl2.h">
      <Filter>Arquivos de Cabeçalho</Filter>
    </ClInclude>
    <ClInclude Include="IMGUI\imgui-master\backends\imgui_impl_sdl3.h">
      <Filter>Arquivos de Cabeçalho</Filter>
    </ClInclude>
    <ClInclude Include="IMGUI\imgui-master\backends\imgui_impl_sdlgpu3.h">
      <Filter>Arquivos de Cabeçalho</Filter>
    </ClInclude>
    <ClInclude Include="IMGUI\imgui-master\backends\imgui_impl_sdlgpu3_shaders.h">
      <Filter>Arquivos de Cabeçalho</Filter>
    </ClInclude>
    <ClInclude Include="IMGUI\imgui-master\backends\imgui_impl_sdlrenderer2.h">
      <Filter>Arquivos de Cabeçalho</Filter>
    </ClInclude>
    <ClInclude Include="IMGUI\imgui-master\backends\imgui_impl_sdlrenderer3.h">
      <Filter>Arquivos de Cabeçalho</Filter>
    </ClInclude>
    <ClInclude Include="IMGUI\imgui-master\backends\imgui_impl_vulkan.h">
      <Filter>Arquivos de Cabeçalho</Filter>
    </ClInclude>
    <ClInclude Include="IMGUI\imgui-master\backends\imgui_impl_wgpu.h">
      <Filter>Arquivos de Cabeçalho</Filter>
    </ClInclude>
    <ClInclude Include="IMGUI\imgui-master\backends\imgui_impl_win32.h">
      <Filter>Arquivos de Cabeçalho</Filter>
    </ClInclude>
    <ClInclude Include="IMGUI\imgui-master\examples\example_allegro5\imconfig_allegro5.h">
      <Filter>Arquivos de Cabeçalho</Filter>
    </ClInclude>
    <ClInclude Include="IMGUI\imgui-master\examples\libs\emscripten\emscripten_mainloop_stub.h">
      <Filter>Arquivos de Cabeçalho</Filter>
    </ClInclude>
    <ClInclude Include="IMGUI\imgui-master\examples\libs\glfw\include\GLFW\glfw3.h">
      <Filter>Arquivos de Cabeçalho</Filter>
    </ClInclude>
    <ClInclude Include="IMGUI\imgui-master\examples\libs\glfw\include\GLFW\glfw3native.h">
      <Filter>Arquivos de Cabeçalho</Filter>
    </ClInclude>
    <ClInclude Include="IMGUI\imgui-master\examples\libs\usynergy\uSynergy.h">
      <Filter>Arquivos de Cabeçalho</Filter>
    </ClInclude>
    <ClInclude Include="IMGUI\imgui-master\misc\cpp\imgui_stdlib.h">
      <Filter>Arquivos de Cabeçalho</Filter>
    </ClInclude>
    <ClInclude Include="IMGUI\imgui-master\misc\freetype\imgui_freetype.h">
      <Filter>Arquivos de Cabeçalho</Filter>
    </ClInclude>
    <ClInclude Include="IMGUI\imgui-master\misc\single_file\imgui_single_file.h">
      <Filter>Arquivos de Cabeçalho</Filter>
    </ClInclude>
    <ClInclude Include="IMGUI\imgui-master\imconfig.h">
      <Filter>Arquivos de Cabeçalho</Filter>
    </ClInclude>
    <ClInclude Include="IMGUI\imgui-master\imgui.h">
      <Filter>Arquivos de Cabeçalho</Filter>
    </ClInclude>
    <ClInclude Include="IMGUI\imgui-master\imgui_internal.h">
      <Filter>Arquivos de Cabeçalho</Filter>
    </ClInclude>
    <ClInclude Include="IMGUI\imgui-master\imstb_rectpack.h">
      <Filter>Arquivos de Cabeçalho</Filter>
    </ClInclude>
    <ClInclude Include="IMGUI\imgui-master\imstb_textedit.h">
      <Filter>Arquivos de Cabeçalho</Filter>
    </ClInclude>
    <ClInclude Include="IMGUI\imgui-master\imstb_truetype.h">
      <Filter>Arquivos de Cabeçalho</Filter>
    </ClInclude>
    <ClInclude Include="..\..\..\Libraries\IMGUI\imgui-master\imgui.h">
      <Filter>Arquivos de Cabeçalho</Filter>
    </ClInclude>
    <ClInclude Include="..\..\..\Libraries\IMGUI\imgui-master\backends\imgui_impl_opengl3.h">
      <Filter>Arquivos de Cabeçalho</Filter>
    </ClInclude>
    <ClInclude Include="Shader.h">
      <Filter>Arquivos de Origem\renderer</Filter>
    </ClInclude>
    <ClInclude Include="Camera2D.h">
      <Filter>Arquivos de Origem\system</Filter>
    </ClInclude>
    <ClInclude Include="Renderer.h">
      <Filter>Arquivos de Origem\renderer</Filter>
    </ClInclude>
    <ClInclude Include="ExpressionParser.h">
      <Filter>Arquivos de Origem\core</Filter>
    </ClInclude>
  </ItemGroup>
  <ItemGroup>
    <None Include="quad.vert">
      <Filter>Arquivos de Origem\shaders</Filter>
    </None>
    <None Include="domain.frag">
      <Filter>Arquivos de Origem\shaders</Filter>
    </None>
  </ItemGroup>
</Project>